# THIS IS AN AUTOGENERATED FILE. DO NOT EDIT THIS FILE DIRECTLY.
# yarn lockfile v1


commander@2.5.0:
  version "2.5.0"
  resolved "https://registry.yarnpkg.com/commander/-/commander-2.5.0.tgz#d777b6a4d847d423e5d475da864294ac1ff5aa9d"
  integrity sha1-13e2pNhH1CPl1HXahkKUrB/1qp0=

jsbarcode@^3.11.0:
  version "3.11.0"
  resolved "https://registry.yarnpkg.com/jsbarcode/-/jsbarcode-3.11.0.tgz#20623e008b101ef45d0cce9c8022cdf49be28547"
  integrity sha512-/ozCd7wsa+VIHo9sUc03HneVEQrH7cVWfJolUT/WOW1m8mJ2e3iYZje6C9X3LFHdczlesqFHRpxLtbVsNtjyow==

localenv@^0.2.2:
  version "0.2.2"
  resolved "https://registry.yarnpkg.com/localenv/-/localenv-0.2.2.tgz#c508f29d3485bdc9341d3ead17f61c5abd1b0bab"
  integrity sha1-xQjynTSFvck0HT6tF/YcWr0bC6s=
  dependencies:
    commander "2.5.0"

xmldom@^0.5.0:
  version "0.5.0"
  resolved "https://registry.yarnpkg.com/xmldom/-/xmldom-0.5.0.tgz#193cb96b84aa3486127ea6272c4596354cb4962e"
  integrity sha512-Foaj5FXVzgn7xFzsKeNIde9g6aFBxTPi37iwsno8QvApmtg7KYrr+OPyRHcJF7dud2a5nGRBXK3n0dL62Gf7PA==
